
Microsoft Visual Studio Solution File, Format Version 10.00
# Visual Studio 2008
Project("{8BC9CEB8-8B4A-11D0-8D11-00A0C91BC942}") = "NinoTest", "NinoTest\NinoTest.vcproj", "{829BACDA-C215-4B7B-8C19-3446590911B0}"
EndProject
Global
	GlobalSection(SolutionConfigurationPlatforms) = preSolution
		Debug|Win32 = Debug|Win32
		Release|Win32 = Release|Win32
	EndGlobalSection
	GlobalSection(ProjectConfigurationPlatforms) = postSolution
		{829BACDA-C215-4B7B-8C19-3446590911B0}.Debug|Win32.ActiveCfg = Debug|Win32
		{829BACDA-C215-4B7B-8C19-3446590911B0}.Debug|Win32.Build.0 = Debug|Win32
		{829BACDA-C215-4B7B-8C19-3446590911B0}.Release|Win32.ActiveCfg = Release|Win32
		{829BACDA-C215-4B7B-8C19-3446590911B0}.Release|Win32.Build.0 = Release|Win32
	EndGlobalSection
	GlobalSection(SolutionProperties) = preSolution
		HideSolutionNode = FALSE
	EndGlobalSection
EndGlobal
